
Microsoft Visual Studio Solution File, Format Version 12.00
# Visual Studio Version 17
VisualStudioVersion = 17.14.36518.9
MinimumVisualStudioVersion = 10.0.40219.1
Project("{FAE04EC0-301F-11D3-BF4B-00C04F79EFBC}") = "Task5_API", "Task5\Task5_API.csproj", "{A1C75840-F941-41D8-BA7E-12BF456048A5}"
EndProject
Project("{FAE04EC0-301F-11D3-BF4B-00C04F79EFBC}") = "Task5_BLL", "Task5_BLL\Task5_BLL.csproj", "{7A7D69F4-C921-4B4C-A712-DA7A4A3144E1}"
EndProject
Project("{FAE04EC0-301F-11D3-BF4B-00C04F79EFBC}") = "Task5_DAL", "Task5_DAL\Task5_DAL.csproj", "{1133F7E9-4FFA-4B0C-B173-E6957F44D9D4}"
EndProject
Global
	GlobalSection(SolutionConfigurationPlatforms) = preSolution
		Debug|Any CPU = Debug|Any CPU
		Release|Any CPU = Release|Any CPU
	EndGlobalSection
	GlobalSection(ProjectConfigurationPlatforms) = postSolution
		{A1C75840-F941-41D8-BA7E-12BF456048A5}.Debug|Any CPU.ActiveCfg = Debug|Any CPU
		{A1C75840-F941-41D8-BA7E-12BF456048A5}.Debug|Any CPU.Build.0 = Debug|Any CPU
		{A1C75840-F941-41D8-BA7E-12BF456048A5}.Release|Any CPU.ActiveCfg = Release|Any CPU
		{A1C75840-F941-41D8-BA7E-12BF456048A5}.Release|Any CPU.Build.0 = Release|Any CPU
		{7A7D69F4-C921-4B4C-A712-DA7A4A3144E1}.Debug|Any CPU.ActiveCfg = Debug|Any CPU
		{7A7D69F4-C921-4B4C-A712-DA7A4A3144E1}.Debug|Any CPU.Build.0 = Debug|Any CPU
		{7A7D69F4-C921-4B4C-A712-DA7A4A3144E1}.Release|Any CPU.ActiveCfg = Release|Any CPU
		{7A7D69F4-C921-4B4C-A712-DA7A4A3144E1}.Release|Any CPU.Build.0 = Release|Any CPU
		{1133F7E9-4FFA-4B0C-B173-E6957F44D9D4}.Debug|Any CPU.ActiveCfg = Debug|Any CPU
		{1133F7E9-4FFA-4B0C-B173-E6957F44D9D4}.Debug|Any CPU.Build.0 = Debug|Any CPU
		{1133F7E9-4FFA-4B0C-B173-E6957F44D9D4}.Release|Any CPU.ActiveCfg = Release|Any CPU
		{1133F7E9-4FFA-4B0C-B173-E6957F44D9D4}.Release|Any CPU.Build.0 = Release|Any CPU
	EndGlobalSection
	GlobalSection(SolutionProperties) = preSolution
		HideSolutionNode = FALSE
	EndGlobalSection
	GlobalSection(ExtensibilityGlobals) = postSolution
		SolutionGuid = {49C9EA38-593F-406A-AD17-0258926369F0}
	EndGlobalSection
EndGlobal
